
Microsoft Visual Studio Solution File, Format Version 12.00
# Visual Studio Version 17
VisualStudioVersion = 17.8.34525.116
MinimumVisualStudioVersion = 10.0.40219.1
Project("{FAE04EC0-301F-11D3-BF4B-00C04F79EFBC}") = "BackendTest.API", "BackendTest\BackendTest.API.csproj", "{2D1B280A-B64E-4350-B8F1-0747751FB714}"
EndProject
Project("{FAE04EC0-301F-11D3-BF4B-00C04F79EFBC}") = "BackendTest.BLL", "ClassLibrary2\BackendTest.BLL.csproj", "{367438FC-922B-4EEA-97A8-3D78CA6BBBF6}"
EndProject
Project("{FAE04EC0-301F-11D3-BF4B-00C04F79EFBC}") = "BackendTest.DAL", "ClassLibrary3\BackendTest.DAL.csproj", "{08E2D0CE-946E-4C64-B821-5A72C5393844}"
EndProject
Global
	GlobalSection(SolutionConfigurationPlatforms) = preSolution
		Debug|Any CPU = Debug|Any CPU
		Release|Any CPU = Release|Any CPU
	EndGlobalSection
	GlobalSection(ProjectConfigurationPlatforms) = postSolution
		{2D1B280A-B64E-4350-B8F1-0747751FB714}.Debug|Any CPU.ActiveCfg = Debug|Any CPU
		{2D1B280A-B64E-4350-B8F1-0747751FB714}.Debug|Any CPU.Build.0 = Debug|Any CPU
		{2D1B280A-B64E-4350-B8F1-0747751FB714}.Release|Any CPU.ActiveCfg = Release|Any CPU
		{2D1B280A-B64E-4350-B8F1-0747751FB714}.Release|Any CPU.Build.0 = Release|Any CPU
		{367438FC-922B-4EEA-97A8-3D78CA6BBBF6}.Debug|Any CPU.ActiveCfg = Debug|Any CPU
		{367438FC-922B-4EEA-97A8-3D78CA6BBBF6}.Debug|Any CPU.Build.0 = Debug|Any CPU
		{367438FC-922B-4EEA-97A8-3D78CA6BBBF6}.Release|Any CPU.ActiveCfg = Release|Any CPU
		{367438FC-922B-4EEA-97A8-3D78CA6BBBF6}.Release|Any CPU.Build.0 = Release|Any CPU
		{08E2D0CE-946E-4C64-B821-5A72C5393844}.Debug|Any CPU.ActiveCfg = Debug|Any CPU
		{08E2D0CE-946E-4C64-B821-5A72C5393844}.Debug|Any CPU.Build.0 = Debug|Any CPU
		{08E2D0CE-946E-4C64-B821-5A72C5393844}.Release|Any CPU.ActiveCfg = Release|Any CPU
		{08E2D0CE-946E-4C64-B821-5A72C5393844}.Release|Any CPU.Build.0 = Release|Any CPU
	EndGlobalSection
	GlobalSection(SolutionProperties) = preSolution
		HideSolutionNode = FALSE
	EndGlobalSection
	GlobalSection(ExtensibilityGlobals) = postSolution
		SolutionGuid = {C0FBE080-2A53-457E-A98D-49535D334AF0}
	EndGlobalSection
EndGlobal
